
Microsoft Visual Studio Solution File, Format Version 12.00
# Visual Studio Version 16
VisualStudioVersion = 16.0.29613.14
MinimumVisualStudioVersion = 10.0.40219.1
Project("{FAE04EC0-301F-11D3-BF4B-00C04F79EFBC}") = "Tugas", "Tugas\Tugas.csproj", "{08711D28-F75C-48E5-B7C7-E3695A7CA688}"
EndProject
Global
	GlobalSection(SolutionConfigurationPlatforms) = preSolution
		Debug|Any CPU = Debug|Any CPU
		Release|Any CPU = Release|Any CPU
	EndGlobalSection
	GlobalSection(ProjectConfigurationPlatforms) = postSolution
		{08711D28-F75C-48E5-B7C7-E3695A7CA688}.Debug|Any CPU.ActiveCfg = Debug|Any CPU
		{08711D28-F75C-48E5-B7C7-E3695A7CA688}.Debug|Any CPU.Build.0 = Debug|Any CPU
		{08711D28-F75C-48E5-B7C7-E3695A7CA688}.Release|Any CPU.ActiveCfg = Release|Any CPU
		{08711D28-F75C-48E5-B7C7-E3695A7CA688}.Release|Any CPU.Build.0 = Release|Any CPU
	EndGlobalSection
	GlobalSection(SolutionProperties) = preSolution
		HideSolutionNode = FALSE
	EndGlobalSection
	GlobalSection(ExtensibilityGlobals) = postSolution
		SolutionGuid = {79DCA50D-3451-4076-8E81-8A51872DB68F}
	EndGlobalSection
EndGlobal
